// !$*UTF8*$!
{
	archiveVersion = 1;
	classes = {
	};
	objectVersion = 46;
	objects = {

/* Begin PBXBuildFile section */
		49073B4915CB774A00BB1522 /* MenuViewController.m in Sources */ = {isa = PBXBuildFile; fileRef = 49073B4715CB774A00BB1522 /* MenuViewController.m */; };
		49073B4A15CB774A00BB1522 /* MenuViewController.xib in Resources */ = {isa = PBXBuildFile; fileRef = 49073B4815CB774A00BB1522 /* MenuViewController.xib */; };
		49073B4E15CB7A5900BB1522 /* SettingViewController.m in Sources */ = {isa = PBXBuildFile; fileRef = 49073B4C15CB7A5900BB1522 /* SettingViewController.m */; };
		49073B4F15CB7A5900BB1522 /* SettingViewController.xib in Resources */ = {isa = PBXBuildFile; fileRef = 49073B4D15CB7A5900BB1522 /* SettingViewController.xib */; };
		490B91D815D4B50800539E2A /* user_db.sqlite in Resources */ = {isa = PBXBuildFile; fileRef = 490B91D715D4B50800539E2A /* user_db.sqlite */; };
		490B91DA15D4B52A00539E2A /* user_db.sqlite in Resources */ = {isa = PBXBuildFile; fileRef = 490B91D715D4B50800539E2A /* user_db.sqlite */; };
		490B91E015D4B60E00539E2A /* libsqlite3.dylib in Frameworks */ = {isa = PBXBuildFile; fileRef = 490B91DF15D4B60E00539E2A /* libsqlite3.dylib */; };
		490B91EC15D4B78B00539E2A /* DBService.m in Sources */ = {isa = PBXBuildFile; fileRef = 490B91EB15D4B78B00539E2A /* DBService.m */; };
		49168F5215C769D300DEA67C /* UIKit.framework in Frameworks */ = {isa = PBXBuildFile; fileRef = 49168F5115C769D300DEA67C /* UIKit.framework */; };
		49168F5415C769D300DEA67C /* Foundation.framework in Frameworks */ = {isa = PBXBuildFile; fileRef = 49168F5315C769D300DEA67C /* Foundation.framework */; };
		49168F5615C769D300DEA67C /* CoreGraphics.framework in Frameworks */ = {isa = PBXBuildFile; fileRef = 49168F5515C769D300DEA67C /* CoreGraphics.framework */; };
		49168F5C15C769D300DEA67C /* InfoPlist.strings in Resources */ = {isa = PBXBuildFile; fileRef = 49168F5A15C769D300DEA67C /* InfoPlist.strings */; };
		49168F5E15C769D300DEA67C /* main.m in Sources */ = {isa = PBXBuildFile; fileRef = 49168F5D15C769D300DEA67C /* main.m */; };
		49168F6215C769D300DEA67C /* AppDelegate.m in Sources */ = {isa = PBXBuildFile; fileRef = 49168F6115C769D300DEA67C /* AppDelegate.m */; };
		49168F6A15C769D300DEA67C /* SenTestingKit.framework in Frameworks */ = {isa = PBXBuildFile; fileRef = 49168F6915C769D300DEA67C /* SenTestingKit.framework */; };
		49168F6B15C769D300DEA67C /* UIKit.framework in Frameworks */ = {isa = PBXBuildFile; fileRef = 49168F5115C769D300DEA67C /* UIKit.framework */; };
		49168F6C15C769D300DEA67C /* Foundation.framework in Frameworks */ = {isa = PBXBuildFile; fileRef = 49168F5315C769D300DEA67C /* Foundation.framework */; };
		49168F7415C769D300DEA67C /* InfoPlist.strings in Resources */ = {isa = PBXBuildFile; fileRef = 49168F7215C769D300DEA67C /* InfoPlist.strings */; };
		49168F7715C769D300DEA67C /* AwayDay2012Tests.m in Sources */ = {isa = PBXBuildFile; fileRef = 49168F7615C769D300DEA67C /* AwayDay2012Tests.m */; };
		49168F8615C76A5E00DEA67C /* RootViewController.xib in Resources */ = {isa = PBXBuildFile; fileRef = 49168F8415C76A5E00DEA67C /* RootViewController.xib */; };
		49168F9315C775CB00DEA67C /* Agenda.m in Sources */ = {isa = PBXBuildFile; fileRef = 49168F9215C775CB00DEA67C /* Agenda.m */; };
		49168F9A15C7764800DEA67C /* Session.m in Sources */ = {isa = PBXBuildFile; fileRef = 49168F9915C7764800DEA67C /* Session.m */; };
		4934F9DF15CA65CE00427597 /* EGORefreshTableHeaderView.m in Sources */ = {isa = PBXBuildFile; fileRef = 4934F9DE15CA65CE00427597 /* EGORefreshTableHeaderView.m */; };
		4934F9E115CA668600427597 /* EGORefreshTableHeaderView.m in Sources */ = {isa = PBXBuildFile; fileRef = 4934F9DE15CA65CE00427597 /* EGORefreshTableHeaderView.m */; };
		4934F9EA15CA671700427597 /* blackArrow.png in Resources */ = {isa = PBXBuildFile; fileRef = 4934F9E215CA671700427597 /* blackArrow.png */; };
		4934F9EB15CA671700427597 /* blackArrow@2x.png in Resources */ = {isa = PBXBuildFile; fileRef = 4934F9E315CA671700427597 /* blackArrow@2x.png */; };
		4934F9EC15CA671700427597 /* blueArrow.png in Resources */ = {isa = PBXBuildFile; fileRef = 4934F9E415CA671700427597 /* blueArrow.png */; };
		4934F9ED15CA671700427597 /* blueArrow@2x.png in Resources */ = {isa = PBXBuildFile; fileRef = 4934F9E515CA671700427597 /* blueArrow@2x.png */; };
		4934F9EE15CA671700427597 /* grayArrow.png in Resources */ = {isa = PBXBuildFile; fileRef = 4934F9E615CA671700427597 /* grayArrow.png */; };
		4934F9EF15CA671700427597 /* grayArrow@2x.png in Resources */ = {isa = PBXBuildFile; fileRef = 4934F9E715CA671700427597 /* grayArrow@2x.png */; };
		4934F9F015CA671700427597 /* whiteArrow.png in Resources */ = {isa = PBXBuildFile; fileRef = 4934F9E815CA671700427597 /* whiteArrow.png */; };
		4934F9F115CA671700427597 /* whiteArrow@2x.png in Resources */ = {isa = PBXBuildFile; fileRef = 4934F9E915CA671700427597 /* whiteArrow@2x.png */; };
		4934F9F215CA6B2D00427597 /* blackArrow.png in Resources */ = {isa = PBXBuildFile; fileRef = 4934F9E215CA671700427597 /* blackArrow.png */; };
		4934F9F315CA6B2D00427597 /* blackArrow@2x.png in Resources */ = {isa = PBXBuildFile; fileRef = 4934F9E315CA671700427597 /* blackArrow@2x.png */; };
		4934F9F415CA6B2D00427597 /* blueArrow.png in Resources */ = {isa = PBXBuildFile; fileRef = 4934F9E415CA671700427597 /* blueArrow.png */; };
		4934F9F515CA6B2D00427597 /* blueArrow@2x.png in Resources */ = {isa = PBXBuildFile; fileRef = 4934F9E515CA671700427597 /* blueArrow@2x.png */; };
		4934F9F615CA6B2D00427597 /* grayArrow.png in Resources */ = {isa = PBXBuildFile; fileRef = 4934F9E615CA671700427597 /* grayArrow.png */; };
		4934F9F715CA6B2D00427597 /* grayArrow@2x.png in Resources */ = {isa = PBXBuildFile; fileRef = 4934F9E715CA671700427597 /* grayArrow@2x.png */; };
		4934F9F815CA6B2D00427597 /* whiteArrow.png in Resources */ = {isa = PBXBuildFile; fileRef = 4934F9E815CA671700427597 /* whiteArrow.png */; };
		4934F9F915CA6B2D00427597 /* whiteArrow@2x.png in Resources */ = {isa = PBXBuildFile; fileRef = 4934F9E915CA671700427597 /* whiteArrow@2x.png */; };
		4934FA0115CA703200427597 /* AgendaViewController.m in Sources */ = {isa = PBXBuildFile; fileRef = 4934F9FF15CA703200427597 /* AgendaViewController.m */; };
		4934FA0215CA705200427597 /* AgendaViewController.m in Sources */ = {isa = PBXBuildFile; fileRef = 4934F9FF15CA703200427597 /* AgendaViewController.m */; };
		493697CA15C8D86400941C94 /* QuartzCore.framework in Frameworks */ = {isa = PBXBuildFile; fileRef = 493697C915C8D86400941C94 /* QuartzCore.framework */; };
		4959E24C15D39BA100091D6F /* UserPath.m in Sources */ = {isa = PBXBuildFile; fileRef = 4959E24B15D39BA100091D6F /* UserPath.m */; };
		4959E25115D39DD200091D6F /* UserActivityViewController.m in Sources */ = {isa = PBXBuildFile; fileRef = 4959E24F15D39DD200091D6F /* UserActivityViewController.m */; };
		4959E25415D39FCB00091D6F /* UserActivityViewController.xib in Resources */ = {isa = PBXBuildFile; fileRef = 4959E25315D39FCB00091D6F /* UserActivityViewController.xib */; };
		4959E28015D3C87600091D6F /* NSObject+SBJson.m in Sources */ = {isa = PBXBuildFile; fileRef = 4959E26815D3C87600091D6F /* NSObject+SBJson.m */; };
		4959E28115D3C87600091D6F /* SBJsonParser.m in Sources */ = {isa = PBXBuildFile; fileRef = 4959E26B15D3C87600091D6F /* SBJsonParser.m */; };
		4959E28215D3C87600091D6F /* SBJsonStreamParser.m in Sources */ = {isa = PBXBuildFile; fileRef = 4959E26D15D3C87600091D6F /* SBJsonStreamParser.m */; };
		4959E28315D3C87600091D6F /* SBJsonStreamParserAccumulator.m in Sources */ = {isa = PBXBuildFile; fileRef = 4959E26F15D3C87600091D6F /* SBJsonStreamParserAccumulator.m */; };
		4959E28415D3C87600091D6F /* SBJsonStreamParserAdapter.m in Sources */ = {isa = PBXBuildFile; fileRef = 4959E27115D3C87600091D6F /* SBJsonStreamParserAdapter.m */; };
		4959E28515D3C87600091D6F /* SBJsonStreamParserState.m in Sources */ = {isa = PBXBuildFile; fileRef = 4959E27315D3C87600091D6F /* SBJsonStreamParserState.m */; };
		4959E28615D3C87600091D6F /* SBJsonStreamWriter.m in Sources */ = {isa = PBXBuildFile; fileRef = 4959E27515D3C87600091D6F /* SBJsonStreamWriter.m */; };
		4959E28715D3C87600091D6F /* SBJsonStreamWriterAccumulator.m in Sources */ = {isa = PBXBuildFile; fileRef = 4959E27715D3C87600091D6F /* SBJsonStreamWriterAccumulator.m */; };
		4959E28815D3C87600091D6F /* SBJsonStreamWriterState.m in Sources */ = {isa = PBXBuildFile; fileRef = 4959E27915D3C87600091D6F /* SBJsonStreamWriterState.m */; };
		4959E28915D3C87600091D6F /* SBJsonTokeniser.m in Sources */ = {isa = PBXBuildFile; fileRef = 4959E27B15D3C87600091D6F /* SBJsonTokeniser.m */; };
		4959E28A15D3C87600091D6F /* SBJsonUTF8Stream.m in Sources */ = {isa = PBXBuildFile; fileRef = 4959E27D15D3C87600091D6F /* SBJsonUTF8Stream.m */; };
		4959E28B15D3C87600091D6F /* SBJsonWriter.m in Sources */ = {isa = PBXBuildFile; fileRef = 4959E27F15D3C87600091D6F /* SBJsonWriter.m */; };
		495CA18E15CBC7D400C09F48 /* action_button.png in Resources */ = {isa = PBXBuildFile; fileRef = 495CA18D15CBC7D400C09F48 /* action_button.png */; };
		495CA19115CBC97100C09F48 /* choose_flag.png in Resources */ = {isa = PBXBuildFile; fileRef = 495CA19015CBC97100C09F48 /* choose_flag.png */; };
		4969AD5515C78BCA005B6A54 /* ASIAuthenticationDialog.m in Sources */ = {isa = PBXBuildFile; fileRef = 4969AD4015C78BCA005B6A54 /* ASIAuthenticationDialog.m */; };
		4969AD5615C78BCA005B6A54 /* ASIDataCompressor.m in Sources */ = {isa = PBXBuildFile; fileRef = 4969AD4315C78BCA005B6A54 /* ASIDataCompressor.m */; };
		4969AD5715C78BCA005B6A54 /* ASIDataDecompressor.m in Sources */ = {isa = PBXBuildFile; fileRef = 4969AD4515C78BCA005B6A54 /* ASIDataDecompressor.m */; };
		4969AD5815C78BCA005B6A54 /* ASIDownloadCache.m in Sources */ = {isa = PBXBuildFile; fileRef = 4969AD4715C78BCA005B6A54 /* ASIDownloadCache.m */; };
		4969AD5915C78BCA005B6A54 /* ASIFormDataRequest.m in Sources */ = {isa = PBXBuildFile; fileRef = 4969AD4915C78BCA005B6A54 /* ASIFormDataRequest.m */; };
		4969AD5A15C78BCA005B6A54 /* ASIHTTPRequest.m in Sources */ = {isa = PBXBuildFile; fileRef = 4969AD4B15C78BCA005B6A54 /* ASIHTTPRequest.m */; };
		4969AD5B15C78BCA005B6A54 /* ASIInputStream.m in Sources */ = {isa = PBXBuildFile; fileRef = 4969AD4F15C78BCA005B6A54 /* ASIInputStream.m */; };
		4969AD5C15C78BCA005B6A54 /* ASINetworkQueue.m in Sources */ = {isa = PBXBuildFile; fileRef = 4969AD5115C78BCA005B6A54 /* ASINetworkQueue.m */; };
		4969AD5D15C78BCA005B6A54 /* Reachability.m in Sources */ = {isa = PBXBuildFile; fileRef = 4969AD5415C78BCA005B6A54 /* Reachability.m */; };
		4969AD6015C78C23005B6A54 /* SystemConfiguration.framework in Frameworks */ = {isa = PBXBuildFile; fileRef = 4969AD5F15C78C23005B6A54 /* SystemConfiguration.framework */; };
		4969AD6215C78C2B005B6A54 /* MobileCoreServices.framework in Frameworks */ = {isa = PBXBuildFile; fileRef = 4969AD6115C78C2B005B6A54 /* MobileCoreServices.framework */; };
		4969AD6415C78C48005B6A54 /* libz.dylib in Frameworks */ = {isa = PBXBuildFile; fileRef = 4969AD6315C78C48005B6A54 /* libz.dylib */; };
		4969AD6615C78C8B005B6A54 /* CFNetwork.framework in Frameworks */ = {isa = PBXBuildFile; fileRef = 4969AD6515C78C8B005B6A54 /* CFNetwork.framework */; };
		4969AD6915C7A0AC005B6A54 /* SessionAddress.m in Sources */ = {isa = PBXBuildFile; fileRef = 4969AD6815C7A0AC005B6A54 /* SessionAddress.m */; };
		4969AD7515C7D6A2005B6A54 /* ReminderViewController.m in Sources */ = {isa = PBXBuildFile; fileRef = 4969AD7315C7D6A2005B6A54 /* ReminderViewController.m */; };
		4969AD7615C7D6A2005B6A54 /* ReminderViewController.xib in Resources */ = {isa = PBXBuildFile; fileRef = 4969AD7415C7D6A2005B6A54 /* ReminderViewController.xib */; };
		49D96BEA15C8EABB00E1C5C8 /* TopSessionClockView.m in Sources */ = {isa = PBXBuildFile; fileRef = 49D96BE915C8EABB00E1C5C8 /* TopSessionClockView.m */; };
		49EBEFBF15D20C9000D1DB4F /* InputNameViewController.m in Sources */ = {isa = PBXBuildFile; fileRef = 49EBEFBD15D20C9000D1DB4F /* InputNameViewController.m */; };
		49EBEFC015D20C9000D1DB4F /* InputNameViewController.xib in Resources */ = {isa = PBXBuildFile; fileRef = 49EBEFBE15D20C9000D1DB4F /* InputNameViewController.xib */; };
		49EBEFC315D20D2500D1DB4F /* AppConstant.m in Sources */ = {isa = PBXBuildFile; fileRef = 49EBEFC215D20D2500D1DB4F /* AppConstant.m */; };
		49EBEFCC15D21B0300D1DB4F /* ShareListViewController.m in Sources */ = {isa = PBXBuildFile; fileRef = 49EBEFCA15D21B0300D1DB4F /* ShareListViewController.m */; };
		49EBEFCD15D21B0300D1DB4F /* ShareListViewController.xib in Resources */ = {isa = PBXBuildFile; fileRef = 49EBEFCB15D21B0300D1DB4F /* ShareListViewController.xib */; };
		49EBEFD115D21BB700D1DB4F /* PostShareViewController.m in Sources */ = {isa = PBXBuildFile; fileRef = 49EBEFCF15D21BB700D1DB4F /* PostShareViewController.m */; };
		49EBEFD215D21BB700D1DB4F /* PostShareViewController.xib in Resources */ = {isa = PBXBuildFile; fileRef = 49EBEFD015D21BB700D1DB4F /* PostShareViewController.xib */; };
		49EC240815CA129000DF9B34 /* back.png in Resources */ = {isa = PBXBuildFile; fileRef = 49EC240415CA129000DF9B34 /* back.png */; };
		49EC240915CA129000DF9B34 /* back_button.png in Resources */ = {isa = PBXBuildFile; fileRef = 49EC240515CA129000DF9B34 /* back_button.png */; };
		49EC240A15CA129000DF9B34 /* reminder_icon.png in Resources */ = {isa = PBXBuildFile; fileRef = 49EC240615CA129000DF9B34 /* reminder_icon.png */; };
		49EC240B15CA129000DF9B34 /* vertical_line.png in Resources */ = {isa = PBXBuildFile; fileRef = 49EC240715CA129000DF9B34 /* vertical_line.png */; };
		49EC240E15CA17C600DF9B34 /* back_button@2x.png in Resources */ = {isa = PBXBuildFile; fileRef = 49EC240D15CA17C600DF9B34 /* back_button@2x.png */; };
		49EC241215CA1AD800DF9B34 /* AppHelper.m in Sources */ = {isa = PBXBuildFile; fileRef = 49EC241115CA1AD800DF9B34 /* AppHelper.m */; };
		49EC241A15CA2CE400DF9B34 /* join_button.png in Resources */ = {isa = PBXBuildFile; fileRef = 49EC241715CA2CE400DF9B34 /* join_button.png */; };
		49EC241B15CA2CE400DF9B34 /* reminder_button.png in Resources */ = {isa = PBXBuildFile; fileRef = 49EC241815CA2CE400DF9B34 /* reminder_button.png */; };
		49EC241C15CA2CE400DF9B34 /* share_button.png in Resources */ = {isa = PBXBuildFile; fileRef = 49EC241915CA2CE400DF9B34 /* share_button.png */; };
/* End PBXBuildFile section */

/* Begin PBXContainerItemProxy section */
		49168F6D15C769D300DEA67C /* PBXContainerItemProxy */ = {
			isa = PBXContainerItemProxy;
			containerPortal = 49168F4415C769D200DEA67C /* Project object */;
			proxyType = 1;
			remoteGlobalIDString = 49168F4C15C769D300DEA67C;
			remoteInfo = AwayDay2012;
		};
/* End PBXContainerItemProxy section */

/* Begin PBXFileReference section */
		49073B4615CB774A00BB1522 /* MenuViewController.h */ = {isa = PBXFileReference; fileEncoding = 4; lastKnownFileType = sourcecode.c.h; path = MenuViewController.h; sourceTree = "<group>"; };
		49073B4715CB774A00BB1522 /* MenuViewController.m */ = {isa = PBXFileReference; fileEncoding = 4; lastKnownFileType = sourcecode.c.objc; path = MenuViewController.m; sourceTree = "<group>"; };
		49073B4815CB774A00BB1522 /* MenuViewController.xib */ = {isa = PBXFileReference; fileEncoding = 4; lastKnownFileType = file.xib; name = MenuViewController.xib; path = AwayDay2012/MenuViewController.xib; sourceTree = "<group>"; };
		49073B4B15CB7A5900BB1522 /* SettingViewController.h */ = {isa = PBXFileReference; fileEncoding = 4; lastKnownFileType = sourcecode.c.h; path = SettingViewController.h; sourceTree = "<group>"; };
		49073B4C15CB7A5900BB1522 /* SettingViewController.m */ = {isa = PBXFileReference; fileEncoding = 4; lastKnownFileType = sourcecode.c.objc; path = SettingViewController.m; sourceTree = "<group>"; };
		49073B4D15CB7A5900BB1522 /* SettingViewController.xib */ = {isa = PBXFileReference; fileEncoding = 4; lastKnownFileType = file.xib; name = SettingViewController.xib; path = AwayDay2012/SettingViewController.xib; sourceTree = "<group>"; };
		490B91D715D4B50800539E2A /* user_db.sqlite */ = {isa = PBXFileReference; lastKnownFileType = file; path = user_db.sqlite; sourceTree = "<group>"; };
		490B91DF15D4B60E00539E2A /* libsqlite3.dylib */ = {isa = PBXFileReference; lastKnownFileType = "compiled.mach-o.dylib"; name = libsqlite3.dylib; path = usr/lib/libsqlite3.dylib; sourceTree = SDKROOT; };
		490B91EA15D4B78B00539E2A /* DBService.h */ = {isa = PBXFileReference; fileEncoding = 4; lastKnownFileType = sourcecode.c.h; path = DBService.h; sourceTree = "<group>"; };
		490B91EB15D4B78B00539E2A /* DBService.m */ = {isa = PBXFileReference; fileEncoding = 4; lastKnownFileType = sourcecode.c.objc; path = DBService.m; sourceTree = "<group>"; };
		49168F4D15C769D300DEA67C /* AwayDay2012.app */ = {isa = PBXFileReference; explicitFileType = wrapper.application; includeInIndex = 0; path = AwayDay2012.app; sourceTree = BUILT_PRODUCTS_DIR; };
		49168F5115C769D300DEA67C /* UIKit.framework */ = {isa = PBXFileReference; lastKnownFileType = wrapper.framework; name = UIKit.framework; path = System/Library/Frameworks/UIKit.framework; sourceTree = SDKROOT; };
		49168F5315C769D300DEA67C /* Foundation.framework */ = {isa = PBXFileReference; lastKnownFileType = wrapper.framework; name = Foundation.framework; path = System/Library/Frameworks/Foundation.framework; sourceTree = SDKROOT; };
		49168F5515C769D300DEA67C /* CoreGraphics.framework */ = {isa = PBXFileReference; lastKnownFileType = wrapper.framework; name = CoreGraphics.framework; path = System/Library/Frameworks/CoreGraphics.framework; sourceTree = SDKROOT; };
		49168F5915C769D300DEA67C /* AwayDay2012-Info.plist */ = {isa = PBXFileReference; lastKnownFileType = text.plist.xml; path = "AwayDay2012-Info.plist"; sourceTree = "<group>"; };
		49168F5B15C769D300DEA67C /* en */ = {isa = PBXFileReference; lastKnownFileType = text.plist.strings; name = en; path = en.lproj/InfoPlist.strings; sourceTree = "<group>"; };
		49168F5D15C769D300DEA67C /* main.m */ = {isa = PBXFileReference; lastKnownFileType = sourcecode.c.objc; path = main.m; sourceTree = "<group>"; };
		49168F5F15C769D300DEA67C /* AwayDay2012-Prefix.pch */ = {isa = PBXFileReference; lastKnownFileType = sourcecode.c.h; path = "AwayDay2012-Prefix.pch"; sourceTree = "<group>"; };
		49168F6015C769D300DEA67C /* AppDelegate.h */ = {isa = PBXFileReference; lastKnownFileType = sourcecode.c.h; path = AppDelegate.h; sourceTree = "<group>"; };
		49168F6115C769D300DEA67C /* AppDelegate.m */ = {isa = PBXFileReference; lastKnownFileType = sourcecode.c.objc; path = AppDelegate.m; sourceTree = "<group>"; };
		49168F6815C769D300DEA67C /* AwayDay2012Tests.octest */ = {isa = PBXFileReference; explicitFileType = wrapper.cfbundle; includeInIndex = 0; path = AwayDay2012Tests.octest; sourceTree = BUILT_PRODUCTS_DIR; };
		49168F6915C769D300DEA67C /* SenTestingKit.framework */ = {isa = PBXFileReference; lastKnownFileType = wrapper.framework; name = SenTestingKit.framework; path = Library/Frameworks/SenTestingKit.framework; sourceTree = DEVELOPER_DIR; };
		49168F7115C769D300DEA67C /* AwayDay2012Tests-Info.plist */ = {isa = PBXFileReference; lastKnownFileType = text.plist.xml; path = "AwayDay2012Tests-Info.plist"; sourceTree = "<group>"; };
		49168F7315C769D300DEA67C /* en */ = {isa = PBXFileReference; lastKnownFileType = text.plist.strings; name = en; path = en.lproj/InfoPlist.strings; sourceTree = "<group>"; };
		49168F7515C769D300DEA67C /* AwayDay2012Tests.h */ = {isa = PBXFileReference; lastKnownFileType = sourcecode.c.h; path = AwayDay2012Tests.h; sourceTree = "<group>"; };
		49168F7615C769D300DEA67C /* AwayDay2012Tests.m */ = {isa = PBXFileReference; lastKnownFileType = sourcecode.c.objc; path = AwayDay2012Tests.m; sourceTree = "<group>"; };
		49168F8415C76A5E00DEA67C /* RootViewController.xib */ = {isa = PBXFileReference; fileEncoding = 4; lastKnownFileType = file.xib; name = RootViewController.xib; path = AwayDay2012/RootViewController.xib; sourceTree = "<group>"; };
		49168F9115C775CB00DEA67C /* Agenda.h */ = {isa = PBXFileReference; fileEncoding = 4; lastKnownFileType = sourcecode.c.h; path = Agenda.h; sourceTree = "<group>"; };
		49168F9215C775CB00DEA67C /* Agenda.m */ = {isa = PBXFileReference; fileEncoding = 4; lastKnownFileType = sourcecode.c.objc; path = Agenda.m; sourceTree = "<group>"; };
		49168F9815C7764800DEA67C /* Session.h */ = {isa = PBXFileReference; fileEncoding = 4; lastKnownFileType = sourcecode.c.h; path = Session.h; sourceTree = "<group>"; };
		49168F9915C7764800DEA67C /* Session.m */ = {isa = PBXFileReference; fileEncoding = 4; lastKnownFileType = sourcecode.c.objc; path = Session.m; sourceTree = "<group>"; };
		4934F9DD15CA65CE00427597 /* EGORefreshTableHeaderView.h */ = {isa = PBXFileReference; fileEncoding = 4; lastKnownFileType = sourcecode.c.h; path = EGORefreshTableHeaderView.h; sourceTree = "<group>"; };
		4934F9DE15CA65CE00427597 /* EGORefreshTableHeaderView.m */ = {isa = PBXFileReference; fileEncoding = 4; lastKnownFileType = sourcecode.c.objc; path = EGORefreshTableHeaderView.m; sourceTree = "<group>"; };
		4934F9E215CA671700427597 /* blackArrow.png */ = {isa = PBXFileReference; lastKnownFileType = image.png; path = blackArrow.png; sourceTree = "<group>"; };
		4934F9E315CA671700427597 /* blackArrow@2x.png */ = {isa = PBXFileReference; lastKnownFileType = image.png; path = "blackArrow@2x.png"; sourceTree = "<group>"; };
		4934F9E415CA671700427597 /* blueArrow.png */ = {isa = PBXFileReference; lastKnownFileType = image.png; path = blueArrow.png; sourceTree = "<group>"; };
		4934F9E515CA671700427597 /* blueArrow@2x.png */ = {isa = PBXFileReference; lastKnownFileType = image.png; path = "blueArrow@2x.png"; sourceTree = "<group>"; };
		4934F9E615CA671700427597 /* grayArrow.png */ = {isa = PBXFileReference; lastKnownFileType = image.png; path = grayArrow.png; sourceTree = "<group>"; };
		4934F9E715CA671700427597 /* grayArrow@2x.png */ = {isa = PBXFileReference; lastKnownFileType = image.png; path = "grayArrow@2x.png"; sourceTree = "<group>"; };
		4934F9E815CA671700427597 /* whiteArrow.png */ = {isa = PBXFileReference; lastKnownFileType = image.png; path = whiteArrow.png; sourceTree = "<group>"; };
		4934F9E915CA671700427597 /* whiteArrow@2x.png */ = {isa = PBXFileReference; lastKnownFileType = image.png; path = "whiteArrow@2x.png"; sourceTree = "<group>"; };
		4934F9FF15CA703200427597 /* AgendaViewController.m */ = {isa = PBXFileReference; fileEncoding = 4; lastKnownFileType = sourcecode.c.objc; path = AgendaViewController.m; sourceTree = "<group>"; };
		4934FA0015CA703200427597 /* AgendaViewController.h */ = {isa = PBXFileReference; fileEncoding = 4; lastKnownFileType = sourcecode.c.h; path = AgendaViewController.h; sourceTree = "<group>"; };
		493697C915C8D86400941C94 /* QuartzCore.framework */ = {isa = PBXFileReference; lastKnownFileType = wrapper.framework; name = QuartzCore.framework; path = System/Library/Frameworks/QuartzCore.framework; sourceTree = SDKROOT; };
		4959E24A15D39BA100091D6F /* UserPath.h */ = {isa = PBXFileReference; fileEncoding = 4; lastKnownFileType = sourcecode.c.h; path = UserPath.h; sourceTree = "<group>"; };
		4959E24B15D39BA100091D6F /* UserPath.m */ = {isa = PBXFileReference; fileEncoding = 4; lastKnownFileType = sourcecode.c.objc; path = UserPath.m; sourceTree = "<group>"; };
		4959E24E15D39DD200091D6F /* UserActivityViewController.h */ = {isa = PBXFileReference; fileEncoding = 4; lastKnownFileType = sourcecode.c.h; path = UserActivityViewController.h; sourceTree = "<group>"; };
		4959E24F15D39DD200091D6F /* UserActivityViewController.m */ = {isa = PBXFileReference; fileEncoding = 4; lastKnownFileType = sourcecode.c.objc; path = UserActivityViewController.m; sourceTree = "<group>"; };
		4959E25315D39FCB00091D6F /* UserActivityViewController.xib */ = {isa = PBXFileReference; fileEncoding = 4; lastKnownFileType = file.xib; path = UserActivityViewController.xib; sourceTree = "<group>"; };
		4959E26615D3C87600091D6F /* JSON.h */ = {isa = PBXFileReference; fileEncoding = 4; lastKnownFileType = sourcecode.c.h; path = JSON.h; sourceTree = "<group>"; };
		4959E26715D3C87600091D6F /* NSObject+SBJson.h */ = {isa = PBXFileReference; fileEncoding = 4; lastKnownFileType = sourcecode.c.h; path = "NSObject+SBJson.h"; sourceTree = "<group>"; };
		4959E26815D3C87600091D6F /* NSObject+SBJson.m */ = {isa = PBXFileReference; fileEncoding = 4; lastKnownFileType = sourcecode.c.objc; path = "NSObject+SBJson.m"; sourceTree = "<group>"; };
		4959E26915D3C87600091D6F /* SBJson.h */ = {isa = PBXFileReference; fileEncoding = 4; lastKnownFileType = sourcecode.c.h; path = SBJson.h; sourceTree = "<group>"; };
		4959E26A15D3C87600091D6F /* SBJsonParser.h */ = {isa = PBXFileReference; fileEncoding = 4; lastKnownFileType = sourcecode.c.h; path = SBJsonParser.h; sourceTree = "<group>"; };
		4959E26B15D3C87600091D6F /* SBJsonParser.m */ = {isa = PBXFileReference; fileEncoding = 4; lastKnownFileType = sourcecode.c.objc; path = SBJsonParser.m; sourceTree = "<group>"; };
		4959E26C15D3C87600091D6F /* SBJsonStreamParser.h */ = {isa = PBXFileReference; fileEncoding = 4; lastKnownFileType = sourcecode.c.h; path = SBJsonStreamParser.h; sourceTree = "<group>"; };
		4959E26D15D3C87600091D6F /* SBJsonStreamParser.m */ = {isa = PBXFileReference; fileEncoding = 4; lastKnownFileType = sourcecode.c.objc; path = SBJsonStreamParser.m; sourceTree = "<group>"; };
		4959E26E15D3C87600091D6F /* SBJsonStreamParserAccumulator.h */ = {isa = PBXFileReference; fileEncoding = 4; lastKnownFileType = sourcecode.c.h; path = SBJsonStreamParserAccumulator.h; sourceTree = "<group>"; };
		4959E26F15D3C87600091D6F /* SBJsonStreamParserAccumulator.m */ = {isa = PBXFileReference; fileEncoding = 4; lastKnownFileType = sourcecode.c.objc; path = SBJsonStreamParserAccumulator.m; sourceTree = "<group>"; };
		4959E27015D3C87600091D6F /* SBJsonStreamParserAdapter.h */ = {isa = PBXFileReference; fileEncoding = 4; lastKnownFileType = sourcecode.c.h; path = SBJsonStreamParserAdapter.h; sourceTree = "<group>"; };
		4959E27115D3C87600091D6F /* SBJsonStreamParserAdapter.m */ = {isa = PBXFileReference; fileEncoding = 4; lastKnownFileType = sourcecode.c.objc; path = SBJsonStreamParserAdapter.m; sourceTree = "<group>"; };
		4959E27215D3C87600091D6F /* SBJsonStreamParserState.h */ = {isa = PBXFileReference; fileEncoding = 4; lastKnownFileType = sourcecode.c.h; path = SBJsonStreamParserState.h; sourceTree = "<group>"; };
		4959E27315D3C87600091D6F /* SBJsonStreamParserState.m */ = {isa = PBXFileReference; fileEncoding = 4; lastKnownFileType = sourcecode.c.objc; path = SBJsonStreamParserState.m; sourceTree = "<group>"; };
		4959E27415D3C87600091D6F /* SBJsonStreamWriter.h */ = {isa = PBXFileReference; fileEncoding = 4; lastKnownFileType = sourcecode.c.h; path = SBJsonStreamWriter.h; sourceTree = "<group>"; };
		4959E27515D3C87600091D6F /* SBJsonStreamWriter.m */ = {isa = PBXFileReference; fileEncoding = 4; lastKnownFileType = sourcecode.c.objc; path = SBJsonStreamWriter.m; sourceTree = "<group>"; };
		4959E27615D3C87600091D6F /* SBJsonStreamWriterAccumulator.h */ = {isa = PBXFileReference; fileEncoding = 4; lastKnownFileType = sourcecode.c.h; path = SBJsonStreamWriterAccumulator.h; sourceTree = "<group>"; };
		4959E27715D3C87600091D6F /* SBJsonStreamWriterAccumulator.m */ = {isa = PBXFileReference; fileEncoding = 4; lastKnownFileType = sourcecode.c.objc; path = SBJsonStreamWriterAccumulator.m; sourceTree = "<group>"; };
		4959E27815D3C87600091D6F /* SBJsonStreamWriterState.h */ = {isa = PBXFileReference; fileEncoding = 4; lastKnownFileType = sourcecode.c.h; path = SBJsonStreamWriterState.h; sourceTree = "<group>"; };
		4959E27915D3C87600091D6F /* SBJsonStreamWriterState.m */ = {isa = PBXFileReference; fileEncoding = 4; lastKnownFileType = sourcecode.c.objc; path = SBJsonStreamWriterState.m; sourceTree = "<group>"; };
		4959E27A15D3C87600091D6F /* SBJsonTokeniser.h */ = {isa = PBXFileReference; fileEncoding = 4; lastKnownFileType = sourcecode.c.h; path = SBJsonTokeniser.h; sourceTree = "<group>"; };
		4959E27B15D3C87600091D6F /* SBJsonTokeniser.m */ = {isa = PBXFileReference; fileEncoding = 4; lastKnownFileType = sourcecode.c.objc; path = SBJsonTokeniser.m; sourceTree = "<group>"; };
		4959E27C15D3C87600091D6F /* SBJsonUTF8Stream.h */ = {isa = PBXFileReference; fileEncoding = 4; lastKnownFileType = sourcecode.c.h; path = SBJsonUTF8Stream.h; sourceTree = "<group>"; };
		4959E27D15D3C87600091D6F /* SBJsonUTF8Stream.m */ = {isa = PBXFileReference; fileEncoding = 4; lastKnownFileType = sourcecode.c.objc; path = SBJsonUTF8Stream.m; sourceTree = "<group>"; };
		4959E27E15D3C87600091D6F /* SBJsonWriter.h */ = {isa = PBXFileReference; fileEncoding = 4; lastKnownFileType = sourcecode.c.h; path = SBJsonWriter.h; sourceTree = "<group>"; };
		4959E27F15D3C87600091D6F /* SBJsonWriter.m */ = {isa = PBXFileReference; fileEncoding = 4; lastKnownFileType = sourcecode.c.objc; path = SBJsonWriter.m; sourceTree = "<group>"; };
		495CA18D15CBC7D400C09F48 /* action_button.png */ = {isa = PBXFileReference; lastKnownFileType = image.png; path = action_button.png; sourceTree = "<group>"; };
		495CA19015CBC97100C09F48 /* choose_flag.png */ = {isa = PBXFileReference; lastKnownFileType = image.png; path = choose_flag.png; sourceTree = "<group>"; };
		4969AD3F15C78BCA005B6A54 /* ASIAuthenticationDialog.h */ = {isa = PBXFileReference; fileEncoding = 4; lastKnownFileType = sourcecode.c.h; path = ASIAuthenticationDialog.h; sourceTree = "<group>"; };
		4969AD4015C78BCA005B6A54 /* ASIAuthenticationDialog.m */ = {isa = PBXFileReference; fileEncoding = 4; lastKnownFileType = sourcecode.c.objc; path = ASIAuthenticationDialog.m; sourceTree = "<group>"; };
		4969AD4115C78BCA005B6A54 /* ASICacheDelegate.h */ = {isa = PBXFileReference; fileEncoding = 4; lastKnownFileType = sourcecode.c.h; path = ASICacheDelegate.h; sourceTree = "<group>"; };
		4969AD4215C78BCA005B6A54 /* ASIDataCompressor.h */ = {isa = PBXFileReference; fileEncoding = 4; lastKnownFileType = sourcecode.c.h; path = ASIDataCompressor.h; sourceTree = "<group>"; };
		4969AD4315C78BCA005B6A54 /* ASIDataCompressor.m */ = {isa = PBXFileReference; fileEncoding = 4; lastKnownFileType = sourcecode.c.objc; path = ASIDataCompressor.m; sourceTree = "<group>"; };
		4969AD4415C78BCA005B6A54 /* ASIDataDecompressor.h */ = {isa = PBXFileReference; fileEncoding = 4; lastKnownFileType = sourcecode.c.h; path = ASIDataDecompressor.h; sourceTree = "<group>"; };
		4969AD4515C78BCA005B6A54 /* ASIDataDecompressor.m */ = {isa = PBXFileReference; fileEncoding = 4; lastKnownFileType = sourcecode.c.objc; path = ASIDataDecompressor.m; sourceTree = "<group>"; };
		4969AD4615C78BCA005B6A54 /* ASIDownloadCache.h */ = {isa = PBXFileReference; fileEncoding = 4; lastKnownFileType = sourcecode.c.h; path = ASIDownloadCache.h; sourceTree = "<group>"; };
		4969AD4715C78BCA005B6A54 /* ASIDownloadCache.m */ = {isa = PBXFileReference; fileEncoding = 4; lastKnownFileType = sourcecode.c.objc; path = ASIDownloadCache.m; sourceTree = "<group>"; };
		4969AD4815C78BCA005B6A54 /* ASIFormDataRequest.h */ = {isa = PBXFileReference; fileEncoding = 4; lastKnownFileType = sourcecode.c.h; path = ASIFormDataRequest.h; sourceTree = "<group>"; };
		4969AD4915C78BCA005B6A54 /* ASIFormDataRequest.m */ = {isa = PBXFileReference; fileEncoding = 4; lastKnownFileType = sourcecode.c.objc; path = ASIFormDataRequest.m; sourceTree = "<group>"; };
		4969AD4A15C78BCA005B6A54 /* ASIHTTPRequest.h */ = {isa = PBXFileReference; fileEncoding = 4; lastKnownFileType = sourcecode.c.h; path = ASIHTTPRequest.h; sourceTree = "<group>"; };
		4969AD4B15C78BCA005B6A54 /* ASIHTTPRequest.m */ = {isa = PBXFileReference; fileEncoding = 4; lastKnownFileType = sourcecode.c.objc; path = ASIHTTPRequest.m; sourceTree = "<group>"; };
		4969AD4C15C78BCA005B6A54 /* ASIHTTPRequestConfig.h */ = {isa = PBXFileReference; fileEncoding = 4; lastKnownFileType = sourcecode.c.h; path = ASIHTTPRequestConfig.h; sourceTree = "<group>"; };
		4969AD4D15C78BCA005B6A54 /* ASIHTTPRequestDelegate.h */ = {isa = PBXFileReference; fileEncoding = 4; lastKnownFileType = sourcecode.c.h; path = ASIHTTPRequestDelegate.h; sourceTree = "<group>"; };
		4969AD4E15C78BCA005B6A54 /* ASIInputStream.h */ = {isa = PBXFileReference; fileEncoding = 4; lastKnownFileType = sourcecode.c.h; path = ASIInputStream.h; sourceTree = "<group>"; };
		4969AD4F15C78BCA005B6A54 /* ASIInputStream.m */ = {isa = PBXFileReference; fileEncoding = 4; lastKnownFileType = sourcecode.c.objc; path = ASIInputStream.m; sourceTree = "<group>"; };
		4969AD5015C78BCA005B6A54 /* ASINetworkQueue.h */ = {isa = PBXFileReference; fileEncoding = 4; lastKnownFileType = sourcecode.c.h; path = ASINetworkQueue.h; sourceTree = "<group>"; };
		4969AD5115C78BCA005B6A54 /* ASINetworkQueue.m */ = {isa = PBXFileReference; fileEncoding = 4; lastKnownFileType = sourcecode.c.objc; path = ASINetworkQueue.m; sourceTree = "<group>"; };
		4969AD5215C78BCA005B6A54 /* ASIProgressDelegate.h */ = {isa = PBXFileReference; fileEncoding = 4; lastKnownFileType = sourcecode.c.h; path = ASIProgressDelegate.h; sourceTree = "<group>"; };
		4969AD5315C78BCA005B6A54 /* Reachability.h */ = {isa = PBXFileReference; fileEncoding = 4; lastKnownFileType = sourcecode.c.h; path = Reachability.h; sourceTree = "<group>"; };
		4969AD5415C78BCA005B6A54 /* Reachability.m */ = {isa = PBXFileReference; fileEncoding = 4; lastKnownFileType = sourcecode.c.objc; path = Reachability.m; sourceTree = "<group>"; };
		4969AD5F15C78C23005B6A54 /* SystemConfiguration.framework */ = {isa = PBXFileReference; lastKnownFileType = wrapper.framework; name = SystemConfiguration.framework; path = System/Library/Frameworks/SystemConfiguration.framework; sourceTree = SDKROOT; };
		4969AD6115C78C2B005B6A54 /* MobileCoreServices.framework */ = {isa = PBXFileReference; lastKnownFileType = wrapper.framework; name = MobileCoreServices.framework; path = System/Library/Frameworks/MobileCoreServices.framework; sourceTree = SDKROOT; };
		4969AD6315C78C48005B6A54 /* libz.dylib */ = {isa = PBXFileReference; lastKnownFileType = "compiled.mach-o.dylib"; name = libz.dylib; path = usr/lib/libz.dylib; sourceTree = SDKROOT; };
		4969AD6515C78C8B005B6A54 /* CFNetwork.framework */ = {isa = PBXFileReference; lastKnownFileType = wrapper.framework; name = CFNetwork.framework; path = System/Library/Frameworks/CFNetwork.framework; sourceTree = SDKROOT; };
		4969AD6715C7A0AC005B6A54 /* SessionAddress.h */ = {isa = PBXFileReference; fileEncoding = 4; lastKnownFileType = sourcecode.c.h; path = SessionAddress.h; sourceTree = "<group>"; };
		4969AD6815C7A0AC005B6A54 /* SessionAddress.m */ = {isa = PBXFileReference; fileEncoding = 4; lastKnownFileType = sourcecode.c.objc; path = SessionAddress.m; sourceTree = "<group>"; };
		4969AD7215C7D6A2005B6A54 /* ReminderViewController.h */ = {isa = PBXFileReference; fileEncoding = 4; lastKnownFileType = sourcecode.c.h; path = ReminderViewController.h; sourceTree = "<group>"; };
		4969AD7315C7D6A2005B6A54 /* ReminderViewController.m */ = {isa = PBXFileReference; fileEncoding = 4; lastKnownFileType = sourcecode.c.objc; path = ReminderViewController.m; sourceTree = "<group>"; };
		4969AD7415C7D6A2005B6A54 /* ReminderViewController.xib */ = {isa = PBXFileReference; fileEncoding = 4; lastKnownFileType = file.xib; name = ReminderViewController.xib; path = AwayDay2012/ReminderViewController.xib; sourceTree = "<group>"; };
		49D96BE815C8EABB00E1C5C8 /* TopSessionClockView.h */ = {isa = PBXFileReference; fileEncoding = 4; lastKnownFileType = sourcecode.c.h; path = TopSessionClockView.h; sourceTree = "<group>"; };
		49D96BE915C8EABB00E1C5C8 /* TopSessionClockView.m */ = {isa = PBXFileReference; fileEncoding = 4; lastKnownFileType = sourcecode.c.objc; path = TopSessionClockView.m; sourceTree = "<group>"; };
		49EBEFBC15D20C9000D1DB4F /* InputNameViewController.h */ = {isa = PBXFileReference; fileEncoding = 4; lastKnownFileType = sourcecode.c.h; path = InputNameViewController.h; sourceTree = "<group>"; };
		49EBEFBD15D20C9000D1DB4F /* InputNameViewController.m */ = {isa = PBXFileReference; fileEncoding = 4; lastKnownFileType = sourcecode.c.objc; path = InputNameViewController.m; sourceTree = "<group>"; };
		49EBEFBE15D20C9000D1DB4F /* InputNameViewController.xib */ = {isa = PBXFileReference; fileEncoding = 4; lastKnownFileType = file.xib; name = InputNameViewController.xib; path = AwayDay2012/InputNameViewController.xib; sourceTree = "<group>"; };
		49EBEFC115D20D2500D1DB4F /* AppConstant.h */ = {isa = PBXFileReference; fileEncoding = 4; lastKnownFileType = sourcecode.c.h; path = AppConstant.h; sourceTree = "<group>"; };
		49EBEFC215D20D2500D1DB4F /* AppConstant.m */ = {isa = PBXFileReference; fileEncoding = 4; lastKnownFileType = sourcecode.c.objc; path = AppConstant.m; sourceTree = "<group>"; };
		49EBEFC915D21B0300D1DB4F /* ShareListViewController.h */ = {isa = PBXFileReference; fileEncoding = 4; lastKnownFileType = sourcecode.c.h; path = ShareListViewController.h; sourceTree = "<group>"; };
		49EBEFCA15D21B0300D1DB4F /* ShareListViewController.m */ = {isa = PBXFileReference; fileEncoding = 4; lastKnownFileType = sourcecode.c.objc; path = ShareListViewController.m; sourceTree = "<group>"; };
		49EBEFCB15D21B0300D1DB4F /* ShareListViewController.xib */ = {isa = PBXFileReference; fileEncoding = 4; lastKnownFileType = file.xib; name = ShareListViewController.xib; path = AwayDay2012/ShareListViewController.xib; sourceTree = "<group>"; };
		49EBEFCE15D21BB700D1DB4F /* PostShareViewController.h */ = {isa = PBXFileReference; fileEncoding = 4; lastKnownFileType = sourcecode.c.h; path = PostShareViewController.h; sourceTree = "<group>"; };
		49EBEFCF15D21BB700D1DB4F /* PostShareViewController.m */ = {isa = PBXFileReference; fileEncoding = 4; lastKnownFileType = sourcecode.c.objc; path = PostShareViewController.m; sourceTree = "<group>"; };
		49EBEFD015D21BB700D1DB4F /* PostShareViewController.xib */ = {isa = PBXFileReference; fileEncoding = 4; lastKnownFileType = file.xib; name = PostShareViewController.xib; path = AwayDay2012/PostShareViewController.xib; sourceTree = "<group>"; };
		49EC240415CA129000DF9B34 /* back.png */ = {isa = PBXFileReference; lastKnownFileType = image.png; path = back.png; sourceTree = "<group>"; };
		49EC240515CA129000DF9B34 /* back_button.png */ = {isa = PBXFileReference; lastKnownFileType = image.png; path = back_button.png; sourceTree = "<group>"; };
		49EC240615CA129000DF9B34 /* reminder_icon.png */ = {isa = PBXFileReference; lastKnownFileType = image.png; path = reminder_icon.png; sourceTree = "<group>"; };
		49EC240715CA129000DF9B34 /* vertical_line.png */ = {isa = PBXFileReference; lastKnownFileType = image.png; path = vertical_line.png; sourceTree = "<group>"; };
		49EC240D15CA17C600DF9B34 /* back_button@2x.png */ = {isa = PBXFileReference; lastKnownFileType = image.png; path = "back_button@2x.png"; sourceTree = "<group>"; };
		49EC241015CA1AD800DF9B34 /* AppHelper.h */ = {isa = PBXFileReference; fileEncoding = 4; lastKnownFileType = sourcecode.c.h; path = AppHelper.h; sourceTree = "<group>"; };
		49EC241115CA1AD800DF9B34 /* AppHelper.m */ = {isa = PBXFileReference; fileEncoding = 4; lastKnownFileType = sourcecode.c.objc; path = AppHelper.m; sourceTree = "<group>"; };
		49EC241715CA2CE400DF9B34 /* join_button.png */ = {isa = PBXFileReference; lastKnownFileType = image.png; path = join_button.png; sourceTree = "<group>"; };
		49EC241815CA2CE400DF9B34 /* reminder_button.png */ = {isa = PBXFileReference; lastKnownFileType = image.png; path = reminder_button.png; sourceTree = "<group>"; };
		49EC241915CA2CE400DF9B34 /* share_button.png */ = {isa = PBXFileReference; lastKnownFileType = image.png; path = share_button.png; sourceTree = "<group>"; };
/* End PBXFileReference section */

/* Begin PBXFrameworksBuildPhase section */
		49168F4A15C769D300DEA67C /* Frameworks */ = {
			isa = PBXFrameworksBuildPhase;
			buildActionMask = 2147483647;
			files = (
				490B91E015D4B60E00539E2A /* libsqlite3.dylib in Frameworks */,
				493697CA15C8D86400941C94 /* QuartzCore.framework in Frameworks */,
				4969AD6615C78C8B005B6A54 /* CFNetwork.framework in Frameworks */,
				4969AD6415C78C48005B6A54 /* libz.dylib in Frameworks */,
				49168F5615C769D300DEA67C /* CoreGraphics.framework in Frameworks */,
				4969AD6215C78C2B005B6A54 /* MobileCoreServices.framework in Frameworks */,
				4969AD6015C78C23005B6A54 /* SystemConfiguration.framework in Frameworks */,
				49168F5215C769D300DEA67C /* UIKit.framework in Frameworks */,
				49168F5415C769D300DEA67C /* Foundation.framework in Frameworks */,
			);
			runOnlyForDeploymentPostprocessing = 0;
		};
		49168F6415C769D300DEA67C /* Frameworks */ = {
			isa = PBXFrameworksBuildPhase;
			buildActionMask = 2147483647;
			files = (
				49168F6A15C769D300DEA67C /* SenTestingKit.framework in Frameworks */,
				49168F6B15C769D300DEA67C /* UIKit.framework in Frameworks */,
				49168F6C15C769D300DEA67C /* Foundation.framework in Frameworks */,
			);
			runOnlyForDeploymentPostprocessing = 0;
		};
/* End PBXFrameworksBuildPhase section */

/* Begin PBXGroup section */
		490B91E915D4B77200539E2A /* Service */ = {
			isa = PBXGroup;
			children = (
				490B91EA15D4B78B00539E2A /* DBService.h */,
				490B91EB15D4B78B00539E2A /* DBService.m */,
			);
			name = Service;
			sourceTree = "<group>";
		};
		49168F4215C769D200DEA67C = {
			isa = PBXGroup;
			children = (
				49168F5715C769D300DEA67C /* AwayDay2012 */,
				49168F8015C76A3A00DEA67C /* Resource */,
				49168F6F15C769D300DEA67C /* AwayDay2012Tests */,
				49168F5015C769D300DEA67C /* Frameworks */,
				49168F4E15C769D300DEA67C /* Products */,
			);
			sourceTree = "<group>";
		};
		49168F4E15C769D300DEA67C /* Products */ = {
			isa = PBXGroup;
			children = (
				49168F4D15C769D300DEA67C /* AwayDay2012.app */,
				49168F6815C769D300DEA67C /* AwayDay2012Tests.octest */,
			);
			name = Products;
			sourceTree = "<group>";
		};
		49168F5015C769D300DEA67C /* Frameworks */ = {
			isa = PBXGroup;
			children = (
				490B91DF15D4B60E00539E2A /* libsqlite3.dylib */,
				493697C915C8D86400941C94 /* QuartzCore.framework */,
				4969AD6515C78C8B005B6A54 /* CFNetwork.framework */,
				4969AD6315C78C48005B6A54 /* libz.dylib */,
				4969AD6115C78C2B005B6A54 /* MobileCoreServices.framework */,
				4969AD5F15C78C23005B6A54 /* SystemConfiguration.framework */,
				49168F5115C769D300DEA67C /* UIKit.framework */,
				49168F5315C769D300DEA67C /* Foundation.framework */,
				49168F5515C769D300DEA67C /* CoreGraphics.framework */,
				49168F6915C769D300DEA67C /* SenTestingKit.framework */,
			);
			name = Frameworks;
			sourceTree = "<group>";
		};
		49168F5715C769D300DEA67C /* AwayDay2012 */ = {
			isa = PBXGroup;
			children = (
				4959E26515D3C87600091D6F /* SBJson */,
				49EC240F15CA1AC300DF9B34 /* Helper */,
				4969AD3E15C78BCA005B6A54 /* ASIHttp */,
				49D96BE615C8EA8B00E1C5C8 /* View */,
				49168F8C15C7756700DEA67C /* Model */,
				490B91E915D4B77200539E2A /* Service */,
				49168F8115C76A4900DEA67C /* Controller */,
				49168F6015C769D300DEA67C /* AppDelegate.h */,
				49168F6115C769D300DEA67C /* AppDelegate.m */,
			);
			path = AwayDay2012;
			sourceTree = "<group>";
		};
		49168F5815C769D300DEA67C /* Supporting Files */ = {
			isa = PBXGroup;
			children = (
				49168F5915C769D300DEA67C /* AwayDay2012-Info.plist */,
				49168F5A15C769D300DEA67C /* InfoPlist.strings */,
				49168F5D15C769D300DEA67C /* main.m */,
				49168F5F15C769D300DEA67C /* AwayDay2012-Prefix.pch */,
			);
			name = "Supporting Files";
			path = AwayDay2012;
			sourceTree = "<group>";
		};
		49168F6F15C769D300DEA67C /* AwayDay2012Tests */ = {
			isa = PBXGroup;
			children = (
				49168F7515C769D300DEA67C /* AwayDay2012Tests.h */,
				49168F7615C769D300DEA67C /* AwayDay2012Tests.m */,
				49168F7015C769D300DEA67C /* Supporting Files */,
			);
			path = AwayDay2012Tests;
			sourceTree = "<group>";
		};
		49168F7015C769D300DEA67C /* Supporting Files */ = {
			isa = PBXGroup;
			children = (
				49168F7115C769D300DEA67C /* AwayDay2012Tests-Info.plist */,
				49168F7215C769D300DEA67C /* InfoPlist.strings */,
			);
			name = "Supporting Files";
			sourceTree = "<group>";
		};
		49168F8015C76A3A00DEA67C /* Resource */ = {
			isa = PBXGroup;
			children = (
				490B91D715D4B50800539E2A /* user_db.sqlite */,
				49EC240315CA129000DF9B34 /* Image */,
				49168F8715C76A6700DEA67C /* XIB */,
				49168F5815C769D300DEA67C /* Supporting Files */,
			);
			name = Resource;
			sourceTree = "<group>";
		};
		49168F8115C76A4900DEA67C /* Controller */ = {
			isa = PBXGroup;
			children = (
				49073B4615CB774A00BB1522 /* MenuViewController.h */,
				49073B4715CB774A00BB1522 /* MenuViewController.m */,
				4934FA0015CA703200427597 /* AgendaViewController.h */,
				4934F9FF15CA703200427597 /* AgendaViewController.m */,
				49EBEFBC15D20C9000D1DB4F /* InputNameViewController.h */,
				49EBEFBD15D20C9000D1DB4F /* InputNameViewController.m */,
				4969AD7215C7D6A2005B6A54 /* ReminderViewController.h */,
				4969AD7315C7D6A2005B6A54 /* ReminderViewController.m */,
				49073B4B15CB7A5900BB1522 /* SettingViewController.h */,
				49073B4C15CB7A5900BB1522 /* SettingViewController.m */,
				49EBEFC915D21B0300D1DB4F /* ShareListViewController.h */,
				49EBEFCA15D21B0300D1DB4F /* ShareListViewController.m */,
				49EBEFCE15D21BB700D1DB4F /* PostShareViewController.h */,
				49EBEFCF15D21BB700D1DB4F /* PostShareViewController.m */,
				4959E24E15D39DD200091D6F /* UserActivityViewController.h */,
				4959E24F15D39DD200091D6F /* UserActivityViewController.m */,
			);
			name = Controller;
			sourceTree = "<group>";
		};
		49168F8715C76A6700DEA67C /* XIB */ = {
			isa = PBXGroup;
			children = (
				49073B4815CB774A00BB1522 /* MenuViewController.xib */,
				49EBEFBE15D20C9000D1DB4F /* InputNameViewController.xib */,
				49EBEFCB15D21B0300D1DB4F /* ShareListViewController.xib */,
				49EBEFD015D21BB700D1DB4F /* PostShareViewController.xib */,
				49168F8415C76A5E00DEA67C /* RootViewController.xib */,
				4969AD7415C7D6A2005B6A54 /* ReminderViewController.xib */,
				49073B4D15CB7A5900BB1522 /* SettingViewController.xib */,
				4959E25315D39FCB00091D6F /* UserActivityViewController.xib */,
			);
			name = XIB;
			sourceTree = "<group>";
		};
		49168F8C15C7756700DEA67C /* Model */ = {
			isa = PBXGroup;
			children = (
				49168F9115C775CB00DEA67C /* Agenda.h */,
				49168F9215C775CB00DEA67C /* Agenda.m */,
				49168F9815C7764800DEA67C /* Session.h */,
				49168F9915C7764800DEA67C /* Session.m */,
				4969AD6715C7A0AC005B6A54 /* SessionAddress.h */,
				4969AD6815C7A0AC005B6A54 /* SessionAddress.m */,
				4959E24A15D39BA100091D6F /* UserPath.h */,
				4959E24B15D39BA100091D6F /* UserPath.m */,
			);
			name = Model;
			sourceTree = "<group>";
		};
		4959E26515D3C87600091D6F /* SBJson */ = {
			isa = PBXGroup;
			children = (
				4959E26615D3C87600091D6F /* JSON.h */,
				4959E26715D3C87600091D6F /* NSObject+SBJson.h */,
				4959E26815D3C87600091D6F /* NSObject+SBJson.m */,
				4959E26915D3C87600091D6F /* SBJson.h */,
				4959E26A15D3C87600091D6F /* SBJsonParser.h */,
				4959E26B15D3C87600091D6F /* SBJsonParser.m */,
				4959E26C15D3C87600091D6F /* SBJsonStreamParser.h */,
				4959E26D15D3C87600091D6F /* SBJsonStreamParser.m */,
				4959E26E15D3C87600091D6F /* SBJsonStreamParserAccumulator.h */,
				4959E26F15D3C87600091D6F /* SBJsonStreamParserAccumulator.m */,
				4959E27015D3C87600091D6F /* SBJsonStreamParserAdapter.h */,
				4959E27115D3C87600091D6F /* SBJsonStreamParserAdapter.m */,
				4959E27215D3C87600091D6F /* SBJsonStreamParserState.h */,
				4959E27315D3C87600091D6F /* SBJsonStreamParserState.m */,
				4959E27415D3C87600091D6F /* SBJsonStreamWriter.h */,
				4959E27515D3C87600091D6F /* SBJsonStreamWriter.m */,
				4959E27615D3C87600091D6F /* SBJsonStreamWriterAccumulator.h */,
				4959E27715D3C87600091D6F /* SBJsonStreamWriterAccumulator.m */,
				4959E27815D3C87600091D6F /* SBJsonStreamWriterState.h */,
				4959E27915D3C87600091D6F /* SBJsonStreamWriterState.m */,
				4959E27A15D3C87600091D6F /* SBJsonTokeniser.h */,
				4959E27B15D3C87600091D6F /* SBJsonTokeniser.m */,
				4959E27C15D3C87600091D6F /* SBJsonUTF8Stream.h */,
				4959E27D15D3C87600091D6F /* SBJsonUTF8Stream.m */,
				4959E27E15D3C87600091D6F /* SBJsonWriter.h */,
				4959E27F15D3C87600091D6F /* SBJsonWriter.m */,
			);
			path = SBJson;
			sourceTree = "<group>";
		};
		4969AD3E15C78BCA005B6A54 /* ASIHttp */ = {
			isa = PBXGroup;
			children = (
				4969AD3F15C78BCA005B6A54 /* ASIAuthenticationDialog.h */,
				4969AD4015C78BCA005B6A54 /* ASIAuthenticationDialog.m */,
				4969AD4115C78BCA005B6A54 /* ASICacheDelegate.h */,
				4969AD4215C78BCA005B6A54 /* ASIDataCompressor.h */,
				4969AD4315C78BCA005B6A54 /* ASIDataCompressor.m */,
				4969AD4415C78BCA005B6A54 /* ASIDataDecompressor.h */,
				4969AD4515C78BCA005B6A54 /* ASIDataDecompressor.m */,
				4969AD4615C78BCA005B6A54 /* ASIDownloadCache.h */,
				4969AD4715C78BCA005B6A54 /* ASIDownloadCache.m */,
				4969AD4815C78BCA005B6A54 /* ASIFormDataRequest.h */,
				4969AD4915C78BCA005B6A54 /* ASIFormDataRequest.m */,
				4969AD4A15C78BCA005B6A54 /* ASIHTTPRequest.h */,
				4969AD4B15C78BCA005B6A54 /* ASIHTTPRequest.m */,
				4969AD4C15C78BCA005B6A54 /* ASIHTTPRequestConfig.h */,
				4969AD4D15C78BCA005B6A54 /* ASIHTTPRequestDelegate.h */,
				4969AD4E15C78BCA005B6A54 /* ASIInputStream.h */,
				4969AD4F15C78BCA005B6A54 /* ASIInputStream.m */,
				4969AD5015C78BCA005B6A54 /* ASINetworkQueue.h */,
				4969AD5115C78BCA005B6A54 /* ASINetworkQueue.m */,
				4969AD5215C78BCA005B6A54 /* ASIProgressDelegate.h */,
				4969AD5315C78BCA005B6A54 /* Reachability.h */,
				4969AD5415C78BCA005B6A54 /* Reachability.m */,
			);
			path = ASIHttp;
			sourceTree = "<group>";
		};
		49D96BE615C8EA8B00E1C5C8 /* View */ = {
			isa = PBXGroup;
			children = (
				4934F9DD15CA65CE00427597 /* EGORefreshTableHeaderView.h */,
				4934F9DE15CA65CE00427597 /* EGORefreshTableHeaderView.m */,
				49D96BE815C8EABB00E1C5C8 /* TopSessionClockView.h */,
				49D96BE915C8EABB00E1C5C8 /* TopSessionClockView.m */,
			);
			name = View;
			sourceTree = "<group>";
		};
		49EC240315CA129000DF9B34 /* Image */ = {
			isa = PBXGroup;
			children = (
				495CA19015CBC97100C09F48 /* choose_flag.png */,
				495CA18D15CBC7D400C09F48 /* action_button.png */,
				4934F9E215CA671700427597 /* blackArrow.png */,
				4934F9E315CA671700427597 /* blackArrow@2x.png */,
				4934F9E415CA671700427597 /* blueArrow.png */,
				4934F9E515CA671700427597 /* blueArrow@2x.png */,
				4934F9E615CA671700427597 /* grayArrow.png */,
				4934F9E715CA671700427597 /* grayArrow@2x.png */,
				4934F9E815CA671700427597 /* whiteArrow.png */,
				4934F9E915CA671700427597 /* whiteArrow@2x.png */,
				49EC241715CA2CE400DF9B34 /* join_button.png */,
				49EC241815CA2CE400DF9B34 /* reminder_button.png */,
				49EC241915CA2CE400DF9B34 /* share_button.png */,
				49EC240415CA129000DF9B34 /* back.png */,
				49EC240515CA129000DF9B34 /* back_button.png */,
				49EC240D15CA17C600DF9B34 /* back_button@2x.png */,
				49EC240615CA129000DF9B34 /* reminder_icon.png */,
				49EC240715CA129000DF9B34 /* vertical_line.png */,
			);
			path = Image;
			sourceTree = "<group>";
		};
		49EC240F15CA1AC300DF9B34 /* Helper */ = {
			isa = PBXGroup;
			children = (
				49EC241015CA1AD800DF9B34 /* AppHelper.h */,
				49EC241115CA1AD800DF9B34 /* AppHelper.m */,
				49EBEFC115D20D2500D1DB4F /* AppConstant.h */,
				49EBEFC215D20D2500D1DB4F /* AppConstant.m */,
			);
			name = Helper;
			sourceTree = "<group>";
		};
/* End PBXGroup section */

/* Begin PBXNativeTarget section */
		49168F4C15C769D300DEA67C /* AwayDay2012 */ = {
			isa = PBXNativeTarget;
			buildConfigurationList = 49168F7A15C769D300DEA67C /* Build configuration list for PBXNativeTarget "AwayDay2012" */;
			buildPhases = (
				49168F4915C769D300DEA67C /* Sources */,
				49168F4A15C769D300DEA67C /* Frameworks */,
				49168F4B15C769D300DEA67C /* Resources */,
			);
			buildRules = (
			);
			dependencies = (
			);
			name = AwayDay2012;
			productName = AwayDay2012;
			productReference = 49168F4D15C769D300DEA67C /* AwayDay2012.app */;
			productType = "com.apple.product-type.application";
		};
		49168F6715C769D300DEA67C /* AwayDay2012Tests */ = {
			isa = PBXNativeTarget;
			buildConfigurationList = 49168F7D15C769D300DEA67C /* Build configuration list for PBXNativeTarget "AwayDay2012Tests" */;
			buildPhases = (
				49168F6315C769D300DEA67C /* Sources */,
				49168F6415C769D300DEA67C /* Frameworks */,
				49168F6515C769D300DEA67C /* Resources */,
				49168F6615C769D300DEA67C /* ShellScript */,
			);
			buildRules = (
			);
			dependencies = (
				49168F6E15C769D300DEA67C /* PBXTargetDependency */,
			);
			name = AwayDay2012Tests;
			productName = AwayDay2012Tests;
			productReference = 49168F6815C769D300DEA67C /* AwayDay2012Tests.octest */;
			productType = "com.apple.product-type.bundle";
		};
/* End PBXNativeTarget section */

/* Begin PBXProject section */
		49168F4415C769D200DEA67C /* Project object */ = {
			isa = PBXProject;
			attributes = {
				LastUpgradeCheck = 0430;
			};
			buildConfigurationList = 49168F4715C769D200DEA67C /* Build configuration list for PBXProject "AwayDay2012" */;
			compatibilityVersion = "Xcode 3.2";
			developmentRegion = English;
			hasScannedForEncodings = 0;
			knownRegions = (
				en,
			);
			mainGroup = 49168F4215C769D200DEA67C;
			productRefGroup = 49168F4E15C769D300DEA67C /* Products */;
			projectDirPath = "";
			projectRoot = "";
			targets = (
				49168F4C15C769D300DEA67C /* AwayDay2012 */,
				49168F6715C769D300DEA67C /* AwayDay2012Tests */,
			);
		};
/* End PBXProject section */

/* Begin PBXResourcesBuildPhase section */
		49168F4B15C769D300DEA67C /* Resources */ = {
			isa = PBXResourcesBuildPhase;
			buildActionMask = 2147483647;
			files = (
				490B91DA15D4B52A00539E2A /* user_db.sqlite in Resources */,
				4934F9F215CA6B2D00427597 /* blackArrow.png in Resources */,
				4934F9F315CA6B2D00427597 /* blackArrow@2x.png in Resources */,
				4934F9F415CA6B2D00427597 /* blueArrow.png in Resources */,
				4934F9F515CA6B2D00427597 /* blueArrow@2x.png in Resources */,
				4934F9F615CA6B2D00427597 /* grayArrow.png in Resources */,
				4934F9F715CA6B2D00427597 /* grayArrow@2x.png in Resources */,
				4934F9F815CA6B2D00427597 /* whiteArrow.png in Resources */,
				4934F9F915CA6B2D00427597 /* whiteArrow@2x.png in Resources */,
				49168F5C15C769D300DEA67C /* InfoPlist.strings in Resources */,
				49168F8615C76A5E00DEA67C /* RootViewController.xib in Resources */,
				4969AD7615C7D6A2005B6A54 /* ReminderViewController.xib in Resources */,
				49EC240815CA129000DF9B34 /* back.png in Resources */,
				49EC240915CA129000DF9B34 /* back_button.png in Resources */,
				49EC240A15CA129000DF9B34 /* reminder_icon.png in Resources */,
				49EC240B15CA129000DF9B34 /* vertical_line.png in Resources */,
				49EC240E15CA17C600DF9B34 /* back_button@2x.png in Resources */,
				49EC241A15CA2CE400DF9B34 /* join_button.png in Resources */,
				49EC241B15CA2CE400DF9B34 /* reminder_button.png in Resources */,
				49EC241C15CA2CE400DF9B34 /* share_button.png in Resources */,
				49073B4A15CB774A00BB1522 /* MenuViewController.xib in Resources */,
				49073B4F15CB7A5900BB1522 /* SettingViewController.xib in Resources */,
				495CA18E15CBC7D400C09F48 /* action_button.png in Resources */,
				495CA19115CBC97100C09F48 /* choose_flag.png in Resources */,
				49EBEFC015D20C9000D1DB4F /* InputNameViewController.xib in Resources */,
				49EBEFCD15D21B0300D1DB4F /* ShareListViewController.xib in Resources */,
				49EBEFD215D21BB700D1DB4F /* PostShareViewController.xib in Resources */,
				4959E25415D39FCB00091D6F /* UserActivityViewController.xib in Resources */,
			);
			runOnlyForDeploymentPostprocessing = 0;
		};
		49168F6515C769D300DEA67C /* Resources */ = {
			isa = PBXResourcesBuildPhase;
			buildActionMask = 2147483647;
			files = (
				49168F7415C769D300DEA67C /* InfoPlist.strings in Resources */,
				4934F9EA15CA671700427597 /* blackArrow.png in Resources */,
				4934F9EB15CA671700427597 /* blackArrow@2x.png in Resources */,
				4934F9EC15CA671700427597 /* blueArrow.png in Resources */,
				4934F9ED15CA671700427597 /* blueArrow@2x.png in Resources */,
				4934F9EE15CA671700427597 /* grayArrow.png in Resources */,
				4934F9EF15CA671700427597 /* grayArrow@2x.png in Resources */,
				4934F9F015CA671700427597 /* whiteArrow.png in Resources */,
				4934F9F115CA671700427597 /* whiteArrow@2x.png in Resources */,
				490B91D815D4B50800539E2A /* user_db.sqlite in Resources */,
			);
			runOnlyForDeploymentPostprocessing = 0;
		};
/* End PBXResourcesBuildPhase section */

/* Begin PBXShellScriptBuildPhase section */
		49168F6615C769D300DEA67C /* ShellScript */ = {
			isa = PBXShellScriptBuildPhase;
			buildActionMask = 2147483647;
			files = (
			);
			inputPaths = (
			);
			outputPaths = (
			);
			runOnlyForDeploymentPostprocessing = 0;
			shellPath = /bin/sh;
			shellScript = "# Run the unit tests in this test bundle.\n\"${SYSTEM_DEVELOPER_DIR}/Tools/RunUnitTests\"\n";
		};
/* End PBXShellScriptBuildPhase section */

/* Begin PBXSourcesBuildPhase section */
		49168F4915C769D300DEA67C /* Sources */ = {
			isa = PBXSourcesBuildPhase;
			buildActionMask = 2147483647;
			files = (
				4934FA0215CA705200427597 /* AgendaViewController.m in Sources */,
				4934F9E115CA668600427597 /* EGORefreshTableHeaderView.m in Sources */,
				49168F5E15C769D300DEA67C /* main.m in Sources */,
				49168F6215C769D300DEA67C /* AppDelegate.m in Sources */,
				49168F9315C775CB00DEA67C /* Agenda.m in Sources */,
				49168F9A15C7764800DEA67C /* Session.m in Sources */,
				4969AD5515C78BCA005B6A54 /* ASIAuthenticationDialog.m in Sources */,
				4969AD5615C78BCA005B6A54 /* ASIDataCompressor.m in Sources */,
				4969AD5715C78BCA005B6A54 /* ASIDataDecompressor.m in Sources */,
				4969AD5815C78BCA005B6A54 /* ASIDownloadCache.m in Sources */,
				4969AD5915C78BCA005B6A54 /* ASIFormDataRequest.m in Sources */,
				4969AD5A15C78BCA005B6A54 /* ASIHTTPRequest.m in Sources */,
				4969AD5B15C78BCA005B6A54 /* ASIInputStream.m in Sources */,
				4969AD5C15C78BCA005B6A54 /* ASINetworkQueue.m in Sources */,
				4969AD5D15C78BCA005B6A54 /* Reachability.m in Sources */,
				4969AD6915C7A0AC005B6A54 /* SessionAddress.m in Sources */,
				4969AD7515C7D6A2005B6A54 /* ReminderViewController.m in Sources */,
				49D96BEA15C8EABB00E1C5C8 /* TopSessionClockView.m in Sources */,
				49EC241215CA1AD800DF9B34 /* AppHelper.m in Sources */,
				49073B4915CB774A00BB1522 /* MenuViewController.m in Sources */,
				49073B4E15CB7A5900BB1522 /* SettingViewController.m in Sources */,
				49EBEFBF15D20C9000D1DB4F /* InputNameViewController.m in Sources */,
				49EBEFC315D20D2500D1DB4F /* AppConstant.m in Sources */,
				49EBEFCC15D21B0300D1DB4F /* ShareListViewController.m in Sources */,
				49EBEFD115D21BB700D1DB4F /* PostShareViewController.m in Sources */,
				4959E24C15D39BA100091D6F /* UserPath.m in Sources */,
				4959E25115D39DD200091D6F /* UserActivityViewController.m in Sources */,
				4959E28015D3C87600091D6F /* NSObject+SBJson.m in Sources */,
				4959E28115D3C87600091D6F /* SBJsonParser.m in Sources */,
				4959E28215D3C87600091D6F /* SBJsonStreamParser.m in Sources */,
				4959E28315D3C87600091D6F /* SBJsonStreamParserAccumulator.m in Sources */,
				4959E28415D3C87600091D6F /* SBJsonStreamParserAdapter.m in Sources */,
				4959E28515D3C87600091D6F /* SBJsonStreamParserState.m in Sources */,
				4959E28615D3C87600091D6F /* SBJsonStreamWriter.m in Sources */,
				4959E28715D3C87600091D6F /* SBJsonStreamWriterAccumulator.m in Sources */,
				4959E28815D3C87600091D6F /* SBJsonStreamWriterState.m in Sources */,
				4959E28915D3C87600091D6F /* SBJsonTokeniser.m in Sources */,
				4959E28A15D3C87600091D6F /* SBJsonUTF8Stream.m in Sources */,
				4959E28B15D3C87600091D6F /* SBJsonWriter.m in Sources */,
				490B91EC15D4B78B00539E2A /* DBService.m in Sources */,
			);
			runOnlyForDeploymentPostprocessing = 0;
		};
		49168F6315C769D300DEA67C /* Sources */ = {
			isa = PBXSourcesBuildPhase;
			buildActionMask = 2147483647;
			files = (
				49168F7715C769D300DEA67C /* AwayDay2012Tests.m in Sources */,
				4934F9DF15CA65CE00427597 /* EGORefreshTableHeaderView.m in Sources */,
				4934FA0115CA703200427597 /* AgendaViewController.m in Sources */,
			);
			runOnlyForDeploymentPostprocessing = 0;
		};
/* End PBXSourcesBuildPhase section */

/* Begin PBXTargetDependency section */
		49168F6E15C769D300DEA67C /* PBXTargetDependency */ = {
			isa = PBXTargetDependency;
			target = 49168F4C15C769D300DEA67C /* AwayDay2012 */;
			targetProxy = 49168F6D15C769D300DEA67C /* PBXContainerItemProxy */;
		};
/* End PBXTargetDependency section */

/* Begin PBXVariantGroup section */
		49168F5A15C769D300DEA67C /* InfoPlist.strings */ = {
			isa = PBXVariantGroup;
			children = (
				49168F5B15C769D300DEA67C /* en */,
			);
			name = InfoPlist.strings;
			sourceTree = "<group>";
		};
		49168F7215C769D300DEA67C /* InfoPlist.strings */ = {
			isa = PBXVariantGroup;
			children = (
				49168F7315C769D300DEA67C /* en */,
			);
			name = InfoPlist.strings;
			sourceTree = "<group>";
		};
/* End PBXVariantGroup section */

/* Begin XCBuildConfiguration section */
		49168F7815C769D300DEA67C /* Debug */ = {
			isa = XCBuildConfiguration;
			buildSettings = {
				ALWAYS_SEARCH_USER_PATHS = NO;
				ARCHS = (
					armv6,
					armv7,
				);
				"CODE_SIGN_IDENTITY[sdk=iphoneos*]" = "iPhone Developer";
				COPY_PHASE_STRIP = NO;
				GCC_C_LANGUAGE_STANDARD = gnu99;
				GCC_DYNAMIC_NO_PIC = NO;
				GCC_OPTIMIZATION_LEVEL = 0;
				GCC_PREPROCESSOR_DEFINITIONS = (
					"DEBUG=1",
					"$(inherited)",
				);
				GCC_SYMBOLS_PRIVATE_EXTERN = NO;
				GCC_VERSION = com.apple.compilers.llvm.clang.1_0;
				GCC_WARN_ABOUT_RETURN_TYPE = YES;
				GCC_WARN_UNINITIALIZED_AUTOS = YES;
				GCC_WARN_UNUSED_VARIABLE = YES;
				IPHONEOS_DEPLOYMENT_TARGET = 4.0;
				SDKROOT = iphoneos;
			};
			name = Debug;
		};
		49168F7915C769D300DEA67C /* Release */ = {
			isa = XCBuildConfiguration;
			buildSettings = {
				ALWAYS_SEARCH_USER_PATHS = NO;
				ARCHS = (
					armv6,
					armv7,
				);
				"CODE_SIGN_IDENTITY[sdk=iphoneos*]" = "iPhone Developer";
				COPY_PHASE_STRIP = YES;
				GCC_C_LANGUAGE_STANDARD = gnu99;
				GCC_VERSION = com.apple.compilers.llvm.clang.1_0;
				GCC_WARN_ABOUT_RETURN_TYPE = YES;
				GCC_WARN_UNINITIALIZED_AUTOS = YES;
				GCC_WARN_UNUSED_VARIABLE = YES;
				IPHONEOS_DEPLOYMENT_TARGET = 4.0;
				OTHER_CFLAGS = "-DNS_BLOCK_ASSERTIONS=1";
				SDKROOT = iphoneos;
				VALIDATE_PRODUCT = YES;
			};
			name = Release;
		};
		49168F7B15C769D300DEA67C /* Debug */ = {
			isa = XCBuildConfiguration;
			buildSettings = {
				CODE_SIGN_IDENTITY = "iPhone Developer: xue hai zeng (3H37WKV5BM)";
				"CODE_SIGN_IDENTITY[sdk=iphoneos*]" = "iPhone Developer: xue hai zeng (3H37WKV5BM)";
				GCC_PRECOMPILE_PREFIX_HEADER = YES;
				GCC_PREFIX_HEADER = "AwayDay2012/AwayDay2012-Prefix.pch";
				INFOPLIST_FILE = "AwayDay2012/AwayDay2012-Info.plist";
				IPHONEOS_DEPLOYMENT_TARGET = 4.0;
				PRODUCT_NAME = "$(TARGET_NAME)";
				PROVISIONING_PROFILE = "E3DEB788-0BEB-4F27-A231-41F47566F778";
				"PROVISIONING_PROFILE[sdk=iphoneos*]" = "E3DEB788-0BEB-4F27-A231-41F47566F778";
				WRAPPER_EXTENSION = app;
			};
			name = Debug;
		};
		49168F7C15C769D300DEA67C /* Release */ = {
			isa = XCBuildConfiguration;
			buildSettings = {
				CODE_SIGN_IDENTITY = "iPhone Developer: xue hai zeng (3H37WKV5BM)";
				"CODE_SIGN_IDENTITY[sdk=iphoneos*]" = "iPhone Developer: xue hai zeng (3H37WKV5BM)";
				GCC_PRECOMPILE_PREFIX_HEADER = YES;
				GCC_PREFIX_HEADER = "AwayDay2012/AwayDay2012-Prefix.pch";
				INFOPLIST_FILE = "AwayDay2012/AwayDay2012-Info.plist";
				IPHONEOS_DEPLOYMENT_TARGET = 4.0;
				PRODUCT_NAME = "$(TARGET_NAME)";
				PROVISIONING_PROFILE = "E3DEB788-0BEB-4F27-A231-41F47566F778";
				"PROVISIONING_PROFILE[sdk=iphoneos*]" = "E3DEB788-0BEB-4F27-A231-41F47566F778";
				WRAPPER_EXTENSION = app;
			};
			name = Release;
		};
		49168F7E15C769D300DEA67C /* Debug */ = {
			isa = XCBuildConfiguration;
			buildSettings = {
				BUNDLE_LOADER = "$(BUILT_PRODUCTS_DIR)/AwayDay2012.app/AwayDay2012";
				FRAMEWORK_SEARCH_PATHS = (
					"$(SDKROOT)/Developer/Library/Frameworks",
					"$(DEVELOPER_LIBRARY_DIR)/Frameworks",
				);
				GCC_PRECOMPILE_PREFIX_HEADER = YES;
				GCC_PREFIX_HEADER = "AwayDay2012/AwayDay2012-Prefix.pch";
				INFOPLIST_FILE = "AwayDay2012Tests/AwayDay2012Tests-Info.plist";
				PRODUCT_NAME = "$(TARGET_NAME)";
				TEST_HOST = "$(BUNDLE_LOADER)";
				WRAPPER_EXTENSION = octest;
			};
			name = Debug;
		};
		49168F7F15C769D300DEA67C /* Release */ = {
			isa = XCBuildConfiguration;
			buildSettings = {
				BUNDLE_LOADER = "$(BUILT_PRODUCTS_DIR)/AwayDay2012.app/AwayDay2012";
				FRAMEWORK_SEARCH_PATHS = (
					"$(SDKROOT)/Developer/Library/Frameworks",
					"$(DEVELOPER_LIBRARY_DIR)/Frameworks",
				);
				GCC_PRECOMPILE_PREFIX_HEADER = YES;
				GCC_PREFIX_HEADER = "AwayDay2012/AwayDay2012-Prefix.pch";
				INFOPLIST_FILE = "AwayDay2012Tests/AwayDay2012Tests-Info.plist";
				PRODUCT_NAME = "$(TARGET_NAME)";
				TEST_HOST = "$(BUNDLE_LOADER)";
				WRAPPER_EXTENSION = octest;
			};
			name = Release;
		};
/* End XCBuildConfiguration section */

/* Begin XCConfigurationList section */
		49168F4715C769D200DEA67C /* Build configuration list for PBXProject "AwayDay2012" */ = {
			isa = XCConfigurationList;
			buildConfigurations = (
				49168F7815C769D300DEA67C /* Debug */,
				49168F7915C769D300DEA67C /* Release */,
			);
			defaultConfigurationIsVisible = 0;
			defaultConfigurationName = Release;
		};
		49168F7A15C769D300DEA67C /* Build configuration list for PBXNativeTarget "AwayDay2012" */ = {
			isa = XCConfigurationList;
			buildConfigurations = (
				49168F7B15C769D300DEA67C /* Debug */,
				49168F7C15C769D300DEA67C /* Release */,
			);
			defaultConfigurationIsVisible = 0;
			defaultConfigurationName = Release;
		};
		49168F7D15C769D300DEA67C /* Build configuration list for PBXNativeTarget "AwayDay2012Tests" */ = {
			isa = XCConfigurationList;
			buildConfigurations = (
				49168F7E15C769D300DEA67C /* Debug */,
				49168F7F15C769D300DEA67C /* Release */,
			);
			defaultConfigurationIsVisible = 0;
			defaultConfigurationName = Release;
		};
/* End XCConfigurationList section */
	};
	rootObject = 49168F4415C769D200DEA67C /* Project object */;
}
